
Microsoft Visual Studio Solution File, Format Version 12.00
# Visual Studio Version 17
VisualStudioVersion = 17.6.33712.159
MinimumVisualStudioVersion = 10.0.40219.1
Project("{9A19103F-16F7-4668-BE54-9A1E7A4F7556}") = "Common.Logging", "Common.Logging\Common.Logging.csproj", "{9BA4E2B5-A8A8-428B-9CF7-72FBD8AF8B2E}"
EndProject
Project("{9A19103F-16F7-4668-BE54-9A1E7A4F7556}") = "Common.Extensions", "Common.Extensions\Common.Extensions.csproj", "{66DCCD02-C158-4684-9779-A7FEAFEA7FD8}"
EndProject
Project("{9A19103F-16F7-4668-BE54-9A1E7A4F7556}") = "Common.Serialization", "Common.Serialization\Common.Serialization.csproj", "{15673C77-8F44-4314-8B64-F9549DF13F3C}"
EndProject
Project("{9A19103F-16F7-4668-BE54-9A1E7A4F7556}") = "Common.Cryptography", "Common.Cryptography\Common.Cryptography.csproj", "{DE66DF17-5759-4636-B728-A587DD85D132}"
EndProject
Project("{9A19103F-16F7-4668-BE54-9A1E7A4F7556}") = "Common.BenchMarks", "Common.BenchMarks\Common.BenchMarks.csproj", "{2DD208ED-AC2A-49BB-8F48-B30C5319AA78}"
EndProject
Project("{9A19103F-16F7-4668-BE54-9A1E7A4F7556}") = "Common.GlobalPrint", "Common.GlobalPrint\Common.GlobalPrint.csproj", "{6B3A3527-CDEA-4E66-A848-6FDFBE877988}"
EndProject
Project("{9A19103F-16F7-4668-BE54-9A1E7A4F7556}") = "AutoConfigure", "AutoConfigure\AutoConfigure.csproj", "{BA42AC0F-50B6-44F5-848D-5D5D6367C894}"
EndProject
Project("{9A19103F-16F7-4668-BE54-9A1E7A4F7556}") = "Examples.CQRS.Dispatcher", "Examples.CQRS.Dispatcher\Examples.CQRS.Dispatcher.csproj", "{1029435F-6FEC-407B-9D28-A2B59DE2FEEF}"
EndProject
Project("{9A19103F-16F7-4668-BE54-9A1E7A4F7556}") = "Examples.Template", "Examples.Template\Examples.Template.csproj", "{AEDF68B8-D1A9-4486-BC46-87F51A675150}"
EndProject
Project("{2150E333-8FDC-42A3-9474-1A3956D46DE8}") = "Элементы решения", "Элементы решения", "{A661A79E-206E-435C-ABE1-BE34589AFB51}"
	ProjectSection(SolutionItems) = preProject
		Packages.txt = Packages.txt
		Examples.CQRS.MediatR\System.cs = Examples.CQRS.MediatR\System.cs
		Todo.txt = Todo.txt
		Examples.CQRS.MediatR\Using.cs = Examples.CQRS.MediatR\Using.cs
	EndProjectSection
EndProject
Project("{9A19103F-16F7-4668-BE54-9A1E7A4F7556}") = "Exaples.ScopedService", "Exaples.ScopedService\Exaples.ScopedService.csproj", "{ECF08FC7-12FC-47CE-B073-B8BB010A7823}"
EndProject
Project("{9A19103F-16F7-4668-BE54-9A1E7A4F7556}") = "Examples.CQRS.MediatR", "Examples.CQRS.MediatR\Examples.CQRS.MediatR.csproj", "{53F4CF3B-A0CE-4E69-B048-030DB5B2736D}"
EndProject
Project("{9A19103F-16F7-4668-BE54-9A1E7A4F7556}") = "Examples.Bus.MassTransit.InMemory", "Examples.Bus.MassTransit.InMemory\Examples.Bus.MassTransit.InMemory.csproj", "{A7E3F9C2-397D-42F2-B173-22903D8528CD}"
EndProject
Project("{9A19103F-16F7-4668-BE54-9A1E7A4F7556}") = "Examples.DependencyInjection.Decorator", "Examples.DependencyInjection.Decorator\Examples.DependencyInjection.Decorator.csproj", "{71C141C3-EBEE-4871-9B81-4261EB32FDC1}"
EndProject
Project("{9A19103F-16F7-4668-BE54-9A1E7A4F7556}") = "Examples.GenericRepository", "Examples.GenericRepository\Examples.GenericRepository.csproj", "{A461190E-3745-43A7-814A-2D0E119E8172}"
EndProject
Project("{9A19103F-16F7-4668-BE54-9A1E7A4F7556}") = "Examples.Cryptography", "Examples.Cryptography\Examples.Cryptography.csproj", "{995CE360-DDA0-473E-8B9D-ED1990EBB701}"
EndProject
Project("{9A19103F-16F7-4668-BE54-9A1E7A4F7556}") = "Examples.Caches.InMemory", "Examples.Caches.InMemory\Examples.Caches.InMemory.csproj", "{C0B44D6E-5E6D-4E55-A709-BC2F7FFA2B2D}"
EndProject
Project("{FAE04EC0-301F-11D3-BF4B-00C04F79EFBC}") = "Examples.Mapping.Mapster", "Examples.Mapping.Mapster\Examples.Mapping.Mapster.csproj", "{098D3FEF-959D-4B83-9E5D-DAFC725CA285}"
EndProject
Project("{FAE04EC0-301F-11D3-BF4B-00C04F79EFBC}") = "Examples.Mapping.AutoMapper", "Examples.Mapping.AutoMapper\Examples.Mapping.AutoMapper.csproj", "{8D85951C-3E94-459B-B015-BDA326A60C8C}"
EndProject
Project("{FAE04EC0-301F-11D3-BF4B-00C04F79EFBC}") = "Examples.HttpClient", "Examples.HttpClient\Examples.HttpClient.csproj", "{237BCB4F-0F93-473E-B928-6B9781CDB960}"
EndProject
Global
	GlobalSection(SolutionConfigurationPlatforms) = preSolution
		Debug|Any CPU = Debug|Any CPU
		Debug|ARM = Debug|ARM
		Debug|ARM64 = Debug|ARM64
		Debug|x64 = Debug|x64
		Debug|x86 = Debug|x86
		Release|Any CPU = Release|Any CPU
		Release|ARM = Release|ARM
		Release|ARM64 = Release|ARM64
		Release|x64 = Release|x64
		Release|x86 = Release|x86
	EndGlobalSection
	GlobalSection(ProjectConfigurationPlatforms) = postSolution
		{9BA4E2B5-A8A8-428B-9CF7-72FBD8AF8B2E}.Debug|Any CPU.ActiveCfg = Debug|Any CPU
		{9BA4E2B5-A8A8-428B-9CF7-72FBD8AF8B2E}.Debug|Any CPU.Build.0 = Debug|Any CPU
		{9BA4E2B5-A8A8-428B-9CF7-72FBD8AF8B2E}.Debug|ARM.ActiveCfg = Debug|Any CPU
		{9BA4E2B5-A8A8-428B-9CF7-72FBD8AF8B2E}.Debug|ARM.Build.0 = Debug|Any CPU
		{9BA4E2B5-A8A8-428B-9CF7-72FBD8AF8B2E}.Debug|ARM64.ActiveCfg = Debug|Any CPU
		{9BA4E2B5-A8A8-428B-9CF7-72FBD8AF8B2E}.Debug|ARM64.Build.0 = Debug|Any CPU
		{9BA4E2B5-A8A8-428B-9CF7-72FBD8AF8B2E}.Debug|x64.ActiveCfg = Debug|Any CPU
		{9BA4E2B5-A8A8-428B-9CF7-72FBD8AF8B2E}.Debug|x64.Build.0 = Debug|Any CPU
		{9BA4E2B5-A8A8-428B-9CF7-72FBD8AF8B2E}.Debug|x86.ActiveCfg = Debug|Any CPU
		{9BA4E2B5-A8A8-428B-9CF7-72FBD8AF8B2E}.Debug|x86.Build.0 = Debug|Any CPU
		{9BA4E2B5-A8A8-428B-9CF7-72FBD8AF8B2E}.Release|Any CPU.ActiveCfg = Release|Any CPU
		{9BA4E2B5-A8A8-428B-9CF7-72FBD8AF8B2E}.Release|Any CPU.Build.0 = Release|Any CPU
		{9BA4E2B5-A8A8-428B-9CF7-72FBD8AF8B2E}.Release|ARM.ActiveCfg = Release|Any CPU
		{9BA4E2B5-A8A8-428B-9CF7-72FBD8AF8B2E}.Release|ARM.Build.0 = Release|Any CPU
		{9BA4E2B5-A8A8-428B-9CF7-72FBD8AF8B2E}.Release|ARM64.ActiveCfg = Release|Any CPU
		{9BA4E2B5-A8A8-428B-9CF7-72FBD8AF8B2E}.Release|ARM64.Build.0 = Release|Any CPU
		{9BA4E2B5-A8A8-428B-9CF7-72FBD8AF8B2E}.Release|x64.ActiveCfg = Release|Any CPU
		{9BA4E2B5-A8A8-428B-9CF7-72FBD8AF8B2E}.Release|x64.Build.0 = Release|Any CPU
		{9BA4E2B5-A8A8-428B-9CF7-72FBD8AF8B2E}.Release|x86.ActiveCfg = Release|Any CPU
		{9BA4E2B5-A8A8-428B-9CF7-72FBD8AF8B2E}.Release|x86.Build.0 = Release|Any CPU
		{66DCCD02-C158-4684-9779-A7FEAFEA7FD8}.Debug|Any CPU.ActiveCfg = Debug|Any CPU
		{66DCCD02-C158-4684-9779-A7FEAFEA7FD8}.Debug|Any CPU.Build.0 = Debug|Any CPU
		{66DCCD02-C158-4684-9779-A7FEAFEA7FD8}.Debug|ARM.ActiveCfg = Debug|Any CPU
		{66DCCD02-C158-4684-9779-A7FEAFEA7FD8}.Debug|ARM.Build.0 = Debug|Any CPU
		{66DCCD02-C158-4684-9779-A7FEAFEA7FD8}.Debug|ARM64.ActiveCfg = Debug|Any CPU
		{66DCCD02-C158-4684-9779-A7FEAFEA7FD8}.Debug|ARM64.Build.0 = Debug|Any CPU
		{66DCCD02-C158-4684-9779-A7FEAFEA7FD8}.Debug|x64.ActiveCfg = Debug|Any CPU
		{66DCCD02-C158-4684-9779-A7FEAFEA7FD8}.Debug|x64.Build.0 = Debug|Any CPU
		{66DCCD02-C158-4684-9779-A7FEAFEA7FD8}.Debug|x86.ActiveCfg = Debug|Any CPU
		{66DCCD02-C158-4684-9779-A7FEAFEA7FD8}.Debug|x86.Build.0 = Debug|Any CPU
		{66DCCD02-C158-4684-9779-A7FEAFEA7FD8}.Release|Any CPU.ActiveCfg = Release|Any CPU
		{66DCCD02-C158-4684-9779-A7FEAFEA7FD8}.Release|Any CPU.Build.0 = Release|Any CPU
		{66DCCD02-C158-4684-9779-A7FEAFEA7FD8}.Release|ARM.ActiveCfg = Release|Any CPU
		{66DCCD02-C158-4684-9779-A7FEAFEA7FD8}.Release|ARM.Build.0 = Release|Any CPU
		{66DCCD02-C158-4684-9779-A7FEAFEA7FD8}.Release|ARM64.ActiveCfg = Release|Any CPU
		{66DCCD02-C158-4684-9779-A7FEAFEA7FD8}.Release|ARM64.Build.0 = Release|Any CPU
		{66DCCD02-C158-4684-9779-A7FEAFEA7FD8}.Release|x64.ActiveCfg = Release|Any CPU
		{66DCCD02-C158-4684-9779-A7FEAFEA7FD8}.Release|x64.Build.0 = Release|Any CPU
		{66DCCD02-C158-4684-9779-A7FEAFEA7FD8}.Release|x86.ActiveCfg = Release|Any CPU
		{66DCCD02-C158-4684-9779-A7FEAFEA7FD8}.Release|x86.Build.0 = Release|Any CPU
		{15673C77-8F44-4314-8B64-F9549DF13F3C}.Debug|Any CPU.ActiveCfg = Debug|Any CPU
		{15673C77-8F44-4314-8B64-F9549DF13F3C}.Debug|Any CPU.Build.0 = Debug|Any CPU
		{15673C77-8F44-4314-8B64-F9549DF13F3C}.Debug|ARM.ActiveCfg = Debug|Any CPU
		{15673C77-8F44-4314-8B64-F9549DF13F3C}.Debug|ARM.Build.0 = Debug|Any CPU
		{15673C77-8F44-4314-8B64-F9549DF13F3C}.Debug|ARM64.ActiveCfg = Debug|Any CPU
		{15673C77-8F44-4314-8B64-F9549DF13F3C}.Debug|ARM64.Build.0 = Debug|Any CPU
		{15673C77-8F44-4314-8B64-F9549DF13F3C}.Debug|x64.ActiveCfg = Debug|Any CPU
		{15673C77-8F44-4314-8B64-F9549DF13F3C}.Debug|x64.Build.0 = Debug|Any CPU
		{15673C77-8F44-4314-8B64-F9549DF13F3C}.Debug|x86.ActiveCfg = Debug|Any CPU
		{15673C77-8F44-4314-8B64-F9549DF13F3C}.Debug|x86.Build.0 = Debug|Any CPU
		{15673C77-8F44-4314-8B64-F9549DF13F3C}.Release|Any CPU.ActiveCfg = Release|Any CPU
		{15673C77-8F44-4314-8B64-F9549DF13F3C}.Release|Any CPU.Build.0 = Release|Any CPU
		{15673C77-8F44-4314-8B64-F9549DF13F3C}.Release|ARM.ActiveCfg = Release|Any CPU
		{15673C77-8F44-4314-8B64-F9549DF13F3C}.Release|ARM.Build.0 = Release|Any CPU
		{15673C77-8F44-4314-8B64-F9549DF13F3C}.Release|ARM64.ActiveCfg = Release|Any CPU
		{15673C77-8F44-4314-8B64-F9549DF13F3C}.Release|ARM64.Build.0 = Release|Any CPU
		{15673C77-8F44-4314-8B64-F9549DF13F3C}.Release|x64.ActiveCfg = Release|Any CPU
		{15673C77-8F44-4314-8B64-F9549DF13F3C}.Release|x64.Build.0 = Release|Any CPU
		{15673C77-8F44-4314-8B64-F9549DF13F3C}.Release|x86.ActiveCfg = Release|Any CPU
		{15673C77-8F44-4314-8B64-F9549DF13F3C}.Release|x86.Build.0 = Release|Any CPU
		{DE66DF17-5759-4636-B728-A587DD85D132}.Debug|Any CPU.ActiveCfg = Debug|Any CPU
		{DE66DF17-5759-4636-B728-A587DD85D132}.Debug|Any CPU.Build.0 = Debug|Any CPU
		{DE66DF17-5759-4636-B728-A587DD85D132}.Debug|ARM.ActiveCfg = Debug|Any CPU
		{DE66DF17-5759-4636-B728-A587DD85D132}.Debug|ARM.Build.0 = Debug|Any CPU
		{DE66DF17-5759-4636-B728-A587DD85D132}.Debug|ARM64.ActiveCfg = Debug|Any CPU
		{DE66DF17-5759-4636-B728-A587DD85D132}.Debug|ARM64.Build.0 = Debug|Any CPU
		{DE66DF17-5759-4636-B728-A587DD85D132}.Debug|x64.ActiveCfg = Debug|Any CPU
		{DE66DF17-5759-4636-B728-A587DD85D132}.Debug|x64.Build.0 = Debug|Any CPU
		{DE66DF17-5759-4636-B728-A587DD85D132}.Debug|x86.ActiveCfg = Debug|Any CPU
		{DE66DF17-5759-4636-B728-A587DD85D132}.Debug|x86.Build.0 = Debug|Any CPU
		{DE66DF17-5759-4636-B728-A587DD85D132}.Release|Any CPU.ActiveCfg = Release|Any CPU
		{DE66DF17-5759-4636-B728-A587DD85D132}.Release|Any CPU.Build.0 = Release|Any CPU
		{DE66DF17-5759-4636-B728-A587DD85D132}.Release|ARM.ActiveCfg = Release|Any CPU
		{DE66DF17-5759-4636-B728-A587DD85D132}.Release|ARM.Build.0 = Release|Any CPU
		{DE66DF17-5759-4636-B728-A587DD85D132}.Release|ARM64.ActiveCfg = Release|Any CPU
		{DE66DF17-5759-4636-B728-A587DD85D132}.Release|ARM64.Build.0 = Release|Any CPU
		{DE66DF17-5759-4636-B728-A587DD85D132}.Release|x64.ActiveCfg = Release|Any CPU
		{DE66DF17-5759-4636-B728-A587DD85D132}.Release|x64.Build.0 = Release|Any CPU
		{DE66DF17-5759-4636-B728-A587DD85D132}.Release|x86.ActiveCfg = Release|Any CPU
		{DE66DF17-5759-4636-B728-A587DD85D132}.Release|x86.Build.0 = Release|Any CPU
		{2DD208ED-AC2A-49BB-8F48-B30C5319AA78}.Debug|Any CPU.ActiveCfg = Debug|Any CPU
		{2DD208ED-AC2A-49BB-8F48-B30C5319AA78}.Debug|Any CPU.Build.0 = Debug|Any CPU
		{2DD208ED-AC2A-49BB-8F48-B30C5319AA78}.Debug|ARM.ActiveCfg = Debug|Any CPU
		{2DD208ED-AC2A-49BB-8F48-B30C5319AA78}.Debug|ARM.Build.0 = Debug|Any CPU
		{2DD208ED-AC2A-49BB-8F48-B30C5319AA78}.Debug|ARM64.ActiveCfg = Debug|Any CPU
		{2DD208ED-AC2A-49BB-8F48-B30C5319AA78}.Debug|ARM64.Build.0 = Debug|Any CPU
		{2DD208ED-AC2A-49BB-8F48-B30C5319AA78}.Debug|x64.ActiveCfg = Debug|Any CPU
		{2DD208ED-AC2A-49BB-8F48-B30C5319AA78}.Debug|x64.Build.0 = Debug|Any CPU
		{2DD208ED-AC2A-49BB-8F48-B30C5319AA78}.Debug|x86.ActiveCfg = Debug|Any CPU
		{2DD208ED-AC2A-49BB-8F48-B30C5319AA78}.Debug|x86.Build.0 = Debug|Any CPU
		{2DD208ED-AC2A-49BB-8F48-B30C5319AA78}.Release|Any CPU.ActiveCfg = Release|Any CPU
		{2DD208ED-AC2A-49BB-8F48-B30C5319AA78}.Release|Any CPU.Build.0 = Release|Any CPU
		{2DD208ED-AC2A-49BB-8F48-B30C5319AA78}.Release|ARM.ActiveCfg = Release|Any CPU
		{2DD208ED-AC2A-49BB-8F48-B30C5319AA78}.Release|ARM.Build.0 = Release|Any CPU
		{2DD208ED-AC2A-49BB-8F48-B30C5319AA78}.Release|ARM64.ActiveCfg = Release|Any CPU
		{2DD208ED-AC2A-49BB-8F48-B30C5319AA78}.Release|ARM64.Build.0 = Release|Any CPU
		{2DD208ED-AC2A-49BB-8F48-B30C5319AA78}.Release|x64.ActiveCfg = Release|Any CPU
		{2DD208ED-AC2A-49BB-8F48-B30C5319AA78}.Release|x64.Build.0 = Release|Any CPU
		{2DD208ED-AC2A-49BB-8F48-B30C5319AA78}.Release|x86.ActiveCfg = Release|Any CPU
		{2DD208ED-AC2A-49BB-8F48-B30C5319AA78}.Release|x86.Build.0 = Release|Any CPU
		{6B3A3527-CDEA-4E66-A848-6FDFBE877988}.Debug|Any CPU.ActiveCfg = Debug|Any CPU
		{6B3A3527-CDEA-4E66-A848-6FDFBE877988}.Debug|Any CPU.Build.0 = Debug|Any CPU
		{6B3A3527-CDEA-4E66-A848-6FDFBE877988}.Debug|ARM.ActiveCfg = Debug|Any CPU
		{6B3A3527-CDEA-4E66-A848-6FDFBE877988}.Debug|ARM.Build.0 = Debug|Any CPU
		{6B3A3527-CDEA-4E66-A848-6FDFBE877988}.Debug|ARM64.ActiveCfg = Debug|Any CPU
		{6B3A3527-CDEA-4E66-A848-6FDFBE877988}.Debug|ARM64.Build.0 = Debug|Any CPU
		{6B3A3527-CDEA-4E66-A848-6FDFBE877988}.Debug|x64.ActiveCfg = Debug|Any CPU
		{6B3A3527-CDEA-4E66-A848-6FDFBE877988}.Debug|x64.Build.0 = Debug|Any CPU
		{6B3A3527-CDEA-4E66-A848-6FDFBE877988}.Debug|x86.ActiveCfg = Debug|Any CPU
		{6B3A3527-CDEA-4E66-A848-6FDFBE877988}.Debug|x86.Build.0 = Debug|Any CPU
		{6B3A3527-CDEA-4E66-A848-6FDFBE877988}.Release|Any CPU.ActiveCfg = Release|Any CPU
		{6B3A3527-CDEA-4E66-A848-6FDFBE877988}.Release|Any CPU.Build.0 = Release|Any CPU
		{6B3A3527-CDEA-4E66-A848-6FDFBE877988}.Release|ARM.ActiveCfg = Release|Any CPU
		{6B3A3527-CDEA-4E66-A848-6FDFBE877988}.Release|ARM.Build.0 = Release|Any CPU
		{6B3A3527-CDEA-4E66-A848-6FDFBE877988}.Release|ARM64.ActiveCfg = Release|Any CPU
		{6B3A3527-CDEA-4E66-A848-6FDFBE877988}.Release|ARM64.Build.0 = Release|Any CPU
		{6B3A3527-CDEA-4E66-A848-6FDFBE877988}.Release|x64.ActiveCfg = Release|Any CPU
		{6B3A3527-CDEA-4E66-A848-6FDFBE877988}.Release|x64.Build.0 = Release|Any CPU
		{6B3A3527-CDEA-4E66-A848-6FDFBE877988}.Release|x86.ActiveCfg = Release|Any CPU
		{6B3A3527-CDEA-4E66-A848-6FDFBE877988}.Release|x86.Build.0 = Release|Any CPU
		{BA42AC0F-50B6-44F5-848D-5D5D6367C894}.Debug|Any CPU.ActiveCfg = Debug|Any CPU
		{BA42AC0F-50B6-44F5-848D-5D5D6367C894}.Debug|Any CPU.Build.0 = Debug|Any CPU
		{BA42AC0F-50B6-44F5-848D-5D5D6367C894}.Debug|ARM.ActiveCfg = Debug|Any CPU
		{BA42AC0F-50B6-44F5-848D-5D5D6367C894}.Debug|ARM.Build.0 = Debug|Any CPU
		{BA42AC0F-50B6-44F5-848D-5D5D6367C894}.Debug|ARM64.ActiveCfg = Debug|Any CPU
		{BA42AC0F-50B6-44F5-848D-5D5D6367C894}.Debug|ARM64.Build.0 = Debug|Any CPU
		{BA42AC0F-50B6-44F5-848D-5D5D6367C894}.Debug|x64.ActiveCfg = Debug|Any CPU
		{BA42AC0F-50B6-44F5-848D-5D5D6367C894}.Debug|x64.Build.0 = Debug|Any CPU
		{BA42AC0F-50B6-44F5-848D-5D5D6367C894}.Debug|x86.ActiveCfg = Debug|Any CPU
		{BA42AC0F-50B6-44F5-848D-5D5D6367C894}.Debug|x86.Build.0 = Debug|Any CPU
		{BA42AC0F-50B6-44F5-848D-5D5D6367C894}.Release|Any CPU.ActiveCfg = Release|Any CPU
		{BA42AC0F-50B6-44F5-848D-5D5D6367C894}.Release|Any CPU.Build.0 = Release|Any CPU
		{BA42AC0F-50B6-44F5-848D-5D5D6367C894}.Release|ARM.ActiveCfg = Release|Any CPU
		{BA42AC0F-50B6-44F5-848D-5D5D6367C894}.Release|ARM.Build.0 = Release|Any CPU
		{BA42AC0F-50B6-44F5-848D-5D5D6367C894}.Release|ARM64.ActiveCfg = Release|Any CPU
		{BA42AC0F-50B6-44F5-848D-5D5D6367C894}.Release|ARM64.Build.0 = Release|Any CPU
		{BA42AC0F-50B6-44F5-848D-5D5D6367C894}.Release|x64.ActiveCfg = Release|Any CPU
		{BA42AC0F-50B6-44F5-848D-5D5D6367C894}.Release|x64.Build.0 = Release|Any CPU
		{BA42AC0F-50B6-44F5-848D-5D5D6367C894}.Release|x86.ActiveCfg = Release|Any CPU
		{BA42AC0F-50B6-44F5-848D-5D5D6367C894}.Release|x86.Build.0 = Release|Any CPU
		{1029435F-6FEC-407B-9D28-A2B59DE2FEEF}.Debug|Any CPU.ActiveCfg = Debug|Any CPU
		{1029435F-6FEC-407B-9D28-A2B59DE2FEEF}.Debug|Any CPU.Build.0 = Debug|Any CPU
		{1029435F-6FEC-407B-9D28-A2B59DE2FEEF}.Debug|ARM.ActiveCfg = Debug|Any CPU
		{1029435F-6FEC-407B-9D28-A2B59DE2FEEF}.Debug|ARM.Build.0 = Debug|Any CPU
		{1029435F-6FEC-407B-9D28-A2B59DE2FEEF}.Debug|ARM64.ActiveCfg = Debug|Any CPU
		{1029435F-6FEC-407B-9D28-A2B59DE2FEEF}.Debug|ARM64.Build.0 = Debug|Any CPU
		{1029435F-6FEC-407B-9D28-A2B59DE2FEEF}.Debug|x64.ActiveCfg = Debug|Any CPU
		{1029435F-6FEC-407B-9D28-A2B59DE2FEEF}.Debug|x64.Build.0 = Debug|Any CPU
		{1029435F-6FEC-407B-9D28-A2B59DE2FEEF}.Debug|x86.ActiveCfg = Debug|Any CPU
		{1029435F-6FEC-407B-9D28-A2B59DE2FEEF}.Debug|x86.Build.0 = Debug|Any CPU
		{1029435F-6FEC-407B-9D28-A2B59DE2FEEF}.Release|Any CPU.ActiveCfg = Release|Any CPU
		{1029435F-6FEC-407B-9D28-A2B59DE2FEEF}.Release|Any CPU.Build.0 = Release|Any CPU
		{1029435F-6FEC-407B-9D28-A2B59DE2FEEF}.Release|ARM.ActiveCfg = Release|Any CPU
		{1029435F-6FEC-407B-9D28-A2B59DE2FEEF}.Release|ARM.Build.0 = Release|Any CPU
		{1029435F-6FEC-407B-9D28-A2B59DE2FEEF}.Release|ARM64.ActiveCfg = Release|Any CPU
		{1029435F-6FEC-407B-9D28-A2B59DE2FEEF}.Release|ARM64.Build.0 = Release|Any CPU
		{1029435F-6FEC-407B-9D28-A2B59DE2FEEF}.Release|x64.ActiveCfg = Release|Any CPU
		{1029435F-6FEC-407B-9D28-A2B59DE2FEEF}.Release|x64.Build.0 = Release|Any CPU
		{1029435F-6FEC-407B-9D28-A2B59DE2FEEF}.Release|x86.ActiveCfg = Release|Any CPU
		{1029435F-6FEC-407B-9D28-A2B59DE2FEEF}.Release|x86.Build.0 = Release|Any CPU
		{AEDF68B8-D1A9-4486-BC46-87F51A675150}.Debug|Any CPU.ActiveCfg = Debug|Any CPU
		{AEDF68B8-D1A9-4486-BC46-87F51A675150}.Debug|Any CPU.Build.0 = Debug|Any CPU
		{AEDF68B8-D1A9-4486-BC46-87F51A675150}.Debug|ARM.ActiveCfg = Debug|Any CPU
		{AEDF68B8-D1A9-4486-BC46-87F51A675150}.Debug|ARM.Build.0 = Debug|Any CPU
		{AEDF68B8-D1A9-4486-BC46-87F51A675150}.Debug|ARM64.ActiveCfg = Debug|Any CPU
		{AEDF68B8-D1A9-4486-BC46-87F51A675150}.Debug|ARM64.Build.0 = Debug|Any CPU
		{AEDF68B8-D1A9-4486-BC46-87F51A675150}.Debug|x64.ActiveCfg = Debug|Any CPU
		{AEDF68B8-D1A9-4486-BC46-87F51A675150}.Debug|x64.Build.0 = Debug|Any CPU
		{AEDF68B8-D1A9-4486-BC46-87F51A675150}.Debug|x86.ActiveCfg = Debug|Any CPU
		{AEDF68B8-D1A9-4486-BC46-87F51A675150}.Debug|x86.Build.0 = Debug|Any CPU
		{AEDF68B8-D1A9-4486-BC46-87F51A675150}.Release|Any CPU.ActiveCfg = Release|Any CPU
		{AEDF68B8-D1A9-4486-BC46-87F51A675150}.Release|Any CPU.Build.0 = Release|Any CPU
		{AEDF68B8-D1A9-4486-BC46-87F51A675150}.Release|ARM.ActiveCfg = Release|Any CPU
		{AEDF68B8-D1A9-4486-BC46-87F51A675150}.Release|ARM.Build.0 = Release|Any CPU
		{AEDF68B8-D1A9-4486-BC46-87F51A675150}.Release|ARM64.ActiveCfg = Release|Any CPU
		{AEDF68B8-D1A9-4486-BC46-87F51A675150}.Release|ARM64.Build.0 = Release|Any CPU
		{AEDF68B8-D1A9-4486-BC46-87F51A675150}.Release|x64.ActiveCfg = Release|Any CPU
		{AEDF68B8-D1A9-4486-BC46-87F51A675150}.Release|x64.Build.0 = Release|Any CPU
		{AEDF68B8-D1A9-4486-BC46-87F51A675150}.Release|x86.ActiveCfg = Release|Any CPU
		{AEDF68B8-D1A9-4486-BC46-87F51A675150}.Release|x86.Build.0 = Release|Any CPU
		{ECF08FC7-12FC-47CE-B073-B8BB010A7823}.Debug|Any CPU.ActiveCfg = Debug|Any CPU
		{ECF08FC7-12FC-47CE-B073-B8BB010A7823}.Debug|Any CPU.Build.0 = Debug|Any CPU
		{ECF08FC7-12FC-47CE-B073-B8BB010A7823}.Debug|ARM.ActiveCfg = Debug|Any CPU
		{ECF08FC7-12FC-47CE-B073-B8BB010A7823}.Debug|ARM.Build.0 = Debug|Any CPU
		{ECF08FC7-12FC-47CE-B073-B8BB010A7823}.Debug|ARM64.ActiveCfg = Debug|Any CPU
		{ECF08FC7-12FC-47CE-B073-B8BB010A7823}.Debug|ARM64.Build.0 = Debug|Any CPU
		{ECF08FC7-12FC-47CE-B073-B8BB010A7823}.Debug|x64.ActiveCfg = Debug|Any CPU
		{ECF08FC7-12FC-47CE-B073-B8BB010A7823}.Debug|x64.Build.0 = Debug|Any CPU
		{ECF08FC7-12FC-47CE-B073-B8BB010A7823}.Debug|x86.ActiveCfg = Debug|Any CPU
		{ECF08FC7-12FC-47CE-B073-B8BB010A7823}.Debug|x86.Build.0 = Debug|Any CPU
		{ECF08FC7-12FC-47CE-B073-B8BB010A7823}.Release|Any CPU.ActiveCfg = Release|Any CPU
		{ECF08FC7-12FC-47CE-B073-B8BB010A7823}.Release|Any CPU.Build.0 = Release|Any CPU
		{ECF08FC7-12FC-47CE-B073-B8BB010A7823}.Release|ARM.ActiveCfg = Release|Any CPU
		{ECF08FC7-12FC-47CE-B073-B8BB010A7823}.Release|ARM.Build.0 = Release|Any CPU
		{ECF08FC7-12FC-47CE-B073-B8BB010A7823}.Release|ARM64.ActiveCfg = Release|Any CPU
		{ECF08FC7-12FC-47CE-B073-B8BB010A7823}.Release|ARM64.Build.0 = Release|Any CPU
		{ECF08FC7-12FC-47CE-B073-B8BB010A7823}.Release|x64.ActiveCfg = Release|Any CPU
		{ECF08FC7-12FC-47CE-B073-B8BB010A7823}.Release|x64.Build.0 = Release|Any CPU
		{ECF08FC7-12FC-47CE-B073-B8BB010A7823}.Release|x86.ActiveCfg = Release|Any CPU
		{ECF08FC7-12FC-47CE-B073-B8BB010A7823}.Release|x86.Build.0 = Release|Any CPU
		{53F4CF3B-A0CE-4E69-B048-030DB5B2736D}.Debug|Any CPU.ActiveCfg = Debug|Any CPU
		{53F4CF3B-A0CE-4E69-B048-030DB5B2736D}.Debug|Any CPU.Build.0 = Debug|Any CPU
		{53F4CF3B-A0CE-4E69-B048-030DB5B2736D}.Debug|ARM.ActiveCfg = Debug|Any CPU
		{53F4CF3B-A0CE-4E69-B048-030DB5B2736D}.Debug|ARM.Build.0 = Debug|Any CPU
		{53F4CF3B-A0CE-4E69-B048-030DB5B2736D}.Debug|ARM64.ActiveCfg = Debug|Any CPU
		{53F4CF3B-A0CE-4E69-B048-030DB5B2736D}.Debug|ARM64.Build.0 = Debug|Any CPU
		{53F4CF3B-A0CE-4E69-B048-030DB5B2736D}.Debug|x64.ActiveCfg = Debug|Any CPU
		{53F4CF3B-A0CE-4E69-B048-030DB5B2736D}.Debug|x64.Build.0 = Debug|Any CPU
		{53F4CF3B-A0CE-4E69-B048-030DB5B2736D}.Debug|x86.ActiveCfg = Debug|Any CPU
		{53F4CF3B-A0CE-4E69-B048-030DB5B2736D}.Debug|x86.Build.0 = Debug|Any CPU
		{53F4CF3B-A0CE-4E69-B048-030DB5B2736D}.Release|Any CPU.ActiveCfg = Release|Any CPU
		{53F4CF3B-A0CE-4E69-B048-030DB5B2736D}.Release|Any CPU.Build.0 = Release|Any CPU
		{53F4CF3B-A0CE-4E69-B048-030DB5B2736D}.Release|ARM.ActiveCfg = Release|Any CPU
		{53F4CF3B-A0CE-4E69-B048-030DB5B2736D}.Release|ARM.Build.0 = Release|Any CPU
		{53F4CF3B-A0CE-4E69-B048-030DB5B2736D}.Release|ARM64.ActiveCfg = Release|Any CPU
		{53F4CF3B-A0CE-4E69-B048-030DB5B2736D}.Release|ARM64.Build.0 = Release|Any CPU
		{53F4CF3B-A0CE-4E69-B048-030DB5B2736D}.Release|x64.ActiveCfg = Release|Any CPU
		{53F4CF3B-A0CE-4E69-B048-030DB5B2736D}.Release|x64.Build.0 = Release|Any CPU
		{53F4CF3B-A0CE-4E69-B048-030DB5B2736D}.Release|x86.ActiveCfg = Release|Any CPU
		{53F4CF3B-A0CE-4E69-B048-030DB5B2736D}.Release|x86.Build.0 = Release|Any CPU
		{A7E3F9C2-397D-42F2-B173-22903D8528CD}.Debug|Any CPU.ActiveCfg = Debug|Any CPU
		{A7E3F9C2-397D-42F2-B173-22903D8528CD}.Debug|Any CPU.Build.0 = Debug|Any CPU
		{A7E3F9C2-397D-42F2-B173-22903D8528CD}.Debug|ARM.ActiveCfg = Debug|Any CPU
		{A7E3F9C2-397D-42F2-B173-22903D8528CD}.Debug|ARM.Build.0 = Debug|Any CPU
		{A7E3F9C2-397D-42F2-B173-22903D8528CD}.Debug|ARM64.ActiveCfg = Debug|Any CPU
		{A7E3F9C2-397D-42F2-B173-22903D8528CD}.Debug|ARM64.Build.0 = Debug|Any CPU
		{A7E3F9C2-397D-42F2-B173-22903D8528CD}.Debug|x64.ActiveCfg = Debug|Any CPU
		{A7E3F9C2-397D-42F2-B173-22903D8528CD}.Debug|x64.Build.0 = Debug|Any CPU
		{A7E3F9C2-397D-42F2-B173-22903D8528CD}.Debug|x86.ActiveCfg = Debug|Any CPU
		{A7E3F9C2-397D-42F2-B173-22903D8528CD}.Debug|x86.Build.0 = Debug|Any CPU
		{A7E3F9C2-397D-42F2-B173-22903D8528CD}.Release|Any CPU.ActiveCfg = Release|Any CPU
		{A7E3F9C2-397D-42F2-B173-22903D8528CD}.Release|Any CPU.Build.0 = Release|Any CPU
		{A7E3F9C2-397D-42F2-B173-22903D8528CD}.Release|ARM.ActiveCfg = Release|Any CPU
		{A7E3F9C2-397D-42F2-B173-22903D8528CD}.Release|ARM.Build.0 = Release|Any CPU
		{A7E3F9C2-397D-42F2-B173-22903D8528CD}.Release|ARM64.ActiveCfg = Release|Any CPU
		{A7E3F9C2-397D-42F2-B173-22903D8528CD}.Release|ARM64.Build.0 = Release|Any CPU
		{A7E3F9C2-397D-42F2-B173-22903D8528CD}.Release|x64.ActiveCfg = Release|Any CPU
		{A7E3F9C2-397D-42F2-B173-22903D8528CD}.Release|x64.Build.0 = Release|Any CPU
		{A7E3F9C2-397D-42F2-B173-22903D8528CD}.Release|x86.ActiveCfg = Release|Any CPU
		{A7E3F9C2-397D-42F2-B173-22903D8528CD}.Release|x86.Build.0 = Release|Any CPU
		{71C141C3-EBEE-4871-9B81-4261EB32FDC1}.Debug|Any CPU.ActiveCfg = Debug|Any CPU
		{71C141C3-EBEE-4871-9B81-4261EB32FDC1}.Debug|Any CPU.Build.0 = Debug|Any CPU
		{71C141C3-EBEE-4871-9B81-4261EB32FDC1}.Debug|ARM.ActiveCfg = Debug|Any CPU
		{71C141C3-EBEE-4871-9B81-4261EB32FDC1}.Debug|ARM.Build.0 = Debug|Any CPU
		{71C141C3-EBEE-4871-9B81-4261EB32FDC1}.Debug|ARM64.ActiveCfg = Debug|Any CPU
		{71C141C3-EBEE-4871-9B81-4261EB32FDC1}.Debug|ARM64.Build.0 = Debug|Any CPU
		{71C141C3-EBEE-4871-9B81-4261EB32FDC1}.Debug|x64.ActiveCfg = Debug|Any CPU
		{71C141C3-EBEE-4871-9B81-4261EB32FDC1}.Debug|x64.Build.0 = Debug|Any CPU
		{71C141C3-EBEE-4871-9B81-4261EB32FDC1}.Debug|x86.ActiveCfg = Debug|Any CPU
		{71C141C3-EBEE-4871-9B81-4261EB32FDC1}.Debug|x86.Build.0 = Debug|Any CPU
		{71C141C3-EBEE-4871-9B81-4261EB32FDC1}.Release|Any CPU.ActiveCfg = Release|Any CPU
		{71C141C3-EBEE-4871-9B81-4261EB32FDC1}.Release|Any CPU.Build.0 = Release|Any CPU
		{71C141C3-EBEE-4871-9B81-4261EB32FDC1}.Release|ARM.ActiveCfg = Release|Any CPU
		{71C141C3-EBEE-4871-9B81-4261EB32FDC1}.Release|ARM.Build.0 = Release|Any CPU
		{71C141C3-EBEE-4871-9B81-4261EB32FDC1}.Release|ARM64.ActiveCfg = Release|Any CPU
		{71C141C3-EBEE-4871-9B81-4261EB32FDC1}.Release|ARM64.Build.0 = Release|Any CPU
		{71C141C3-EBEE-4871-9B81-4261EB32FDC1}.Release|x64.ActiveCfg = Release|Any CPU
		{71C141C3-EBEE-4871-9B81-4261EB32FDC1}.Release|x64.Build.0 = Release|Any CPU
		{71C141C3-EBEE-4871-9B81-4261EB32FDC1}.Release|x86.ActiveCfg = Release|Any CPU
		{71C141C3-EBEE-4871-9B81-4261EB32FDC1}.Release|x86.Build.0 = Release|Any CPU
		{A461190E-3745-43A7-814A-2D0E119E8172}.Debug|Any CPU.ActiveCfg = Debug|Any CPU
		{A461190E-3745-43A7-814A-2D0E119E8172}.Debug|Any CPU.Build.0 = Debug|Any CPU
		{A461190E-3745-43A7-814A-2D0E119E8172}.Debug|ARM.ActiveCfg = Debug|Any CPU
		{A461190E-3745-43A7-814A-2D0E119E8172}.Debug|ARM.Build.0 = Debug|Any CPU
		{A461190E-3745-43A7-814A-2D0E119E8172}.Debug|ARM64.ActiveCfg = Debug|Any CPU
		{A461190E-3745-43A7-814A-2D0E119E8172}.Debug|ARM64.Build.0 = Debug|Any CPU
		{A461190E-3745-43A7-814A-2D0E119E8172}.Debug|x64.ActiveCfg = Debug|Any CPU
		{A461190E-3745-43A7-814A-2D0E119E8172}.Debug|x64.Build.0 = Debug|Any CPU
		{A461190E-3745-43A7-814A-2D0E119E8172}.Debug|x86.ActiveCfg = Debug|Any CPU
		{A461190E-3745-43A7-814A-2D0E119E8172}.Debug|x86.Build.0 = Debug|Any CPU
		{A461190E-3745-43A7-814A-2D0E119E8172}.Release|Any CPU.ActiveCfg = Release|Any CPU
		{A461190E-3745-43A7-814A-2D0E119E8172}.Release|Any CPU.Build.0 = Release|Any CPU
		{A461190E-3745-43A7-814A-2D0E119E8172}.Release|ARM.ActiveCfg = Release|Any CPU
		{A461190E-3745-43A7-814A-2D0E119E8172}.Release|ARM.Build.0 = Release|Any CPU
		{A461190E-3745-43A7-814A-2D0E119E8172}.Release|ARM64.ActiveCfg = Release|Any CPU
		{A461190E-3745-43A7-814A-2D0E119E8172}.Release|ARM64.Build.0 = Release|Any CPU
		{A461190E-3745-43A7-814A-2D0E119E8172}.Release|x64.ActiveCfg = Release|Any CPU
		{A461190E-3745-43A7-814A-2D0E119E8172}.Release|x64.Build.0 = Release|Any CPU
		{A461190E-3745-43A7-814A-2D0E119E8172}.Release|x86.ActiveCfg = Release|Any CPU
		{A461190E-3745-43A7-814A-2D0E119E8172}.Release|x86.Build.0 = Release|Any CPU
		{995CE360-DDA0-473E-8B9D-ED1990EBB701}.Debug|Any CPU.ActiveCfg = Debug|Any CPU
		{995CE360-DDA0-473E-8B9D-ED1990EBB701}.Debug|Any CPU.Build.0 = Debug|Any CPU
		{995CE360-DDA0-473E-8B9D-ED1990EBB701}.Debug|ARM.ActiveCfg = Debug|Any CPU
		{995CE360-DDA0-473E-8B9D-ED1990EBB701}.Debug|ARM.Build.0 = Debug|Any CPU
		{995CE360-DDA0-473E-8B9D-ED1990EBB701}.Debug|ARM64.ActiveCfg = Debug|Any CPU
		{995CE360-DDA0-473E-8B9D-ED1990EBB701}.Debug|ARM64.Build.0 = Debug|Any CPU
		{995CE360-DDA0-473E-8B9D-ED1990EBB701}.Debug|x64.ActiveCfg = Debug|Any CPU
		{995CE360-DDA0-473E-8B9D-ED1990EBB701}.Debug|x64.Build.0 = Debug|Any CPU
		{995CE360-DDA0-473E-8B9D-ED1990EBB701}.Debug|x86.ActiveCfg = Debug|Any CPU
		{995CE360-DDA0-473E-8B9D-ED1990EBB701}.Debug|x86.Build.0 = Debug|Any CPU
		{995CE360-DDA0-473E-8B9D-ED1990EBB701}.Release|Any CPU.ActiveCfg = Release|Any CPU
		{995CE360-DDA0-473E-8B9D-ED1990EBB701}.Release|Any CPU.Build.0 = Release|Any CPU
		{995CE360-DDA0-473E-8B9D-ED1990EBB701}.Release|ARM.ActiveCfg = Release|Any CPU
		{995CE360-DDA0-473E-8B9D-ED1990EBB701}.Release|ARM.Build.0 = Release|Any CPU
		{995CE360-DDA0-473E-8B9D-ED1990EBB701}.Release|ARM64.ActiveCfg = Release|Any CPU
		{995CE360-DDA0-473E-8B9D-ED1990EBB701}.Release|ARM64.Build.0 = Release|Any CPU
		{995CE360-DDA0-473E-8B9D-ED1990EBB701}.Release|x64.ActiveCfg = Release|Any CPU
		{995CE360-DDA0-473E-8B9D-ED1990EBB701}.Release|x64.Build.0 = Release|Any CPU
		{995CE360-DDA0-473E-8B9D-ED1990EBB701}.Release|x86.ActiveCfg = Release|Any CPU
		{995CE360-DDA0-473E-8B9D-ED1990EBB701}.Release|x86.Build.0 = Release|Any CPU
		{C0B44D6E-5E6D-4E55-A709-BC2F7FFA2B2D}.Debug|Any CPU.ActiveCfg = Debug|Any CPU
		{C0B44D6E-5E6D-4E55-A709-BC2F7FFA2B2D}.Debug|Any CPU.Build.0 = Debug|Any CPU
		{C0B44D6E-5E6D-4E55-A709-BC2F7FFA2B2D}.Debug|ARM.ActiveCfg = Debug|Any CPU
		{C0B44D6E-5E6D-4E55-A709-BC2F7FFA2B2D}.Debug|ARM.Build.0 = Debug|Any CPU
		{C0B44D6E-5E6D-4E55-A709-BC2F7FFA2B2D}.Debug|ARM64.ActiveCfg = Debug|Any CPU
		{C0B44D6E-5E6D-4E55-A709-BC2F7FFA2B2D}.Debug|ARM64.Build.0 = Debug|Any CPU
		{C0B44D6E-5E6D-4E55-A709-BC2F7FFA2B2D}.Debug|x64.ActiveCfg = Debug|Any CPU
		{C0B44D6E-5E6D-4E55-A709-BC2F7FFA2B2D}.Debug|x64.Build.0 = Debug|Any CPU
		{C0B44D6E-5E6D-4E55-A709-BC2F7FFA2B2D}.Debug|x86.ActiveCfg = Debug|Any CPU
		{C0B44D6E-5E6D-4E55-A709-BC2F7FFA2B2D}.Debug|x86.Build.0 = Debug|Any CPU
		{C0B44D6E-5E6D-4E55-A709-BC2F7FFA2B2D}.Release|Any CPU.ActiveCfg = Release|Any CPU
		{C0B44D6E-5E6D-4E55-A709-BC2F7FFA2B2D}.Release|Any CPU.Build.0 = Release|Any CPU
		{C0B44D6E-5E6D-4E55-A709-BC2F7FFA2B2D}.Release|ARM.ActiveCfg = Release|Any CPU
		{C0B44D6E-5E6D-4E55-A709-BC2F7FFA2B2D}.Release|ARM.Build.0 = Release|Any CPU
		{C0B44D6E-5E6D-4E55-A709-BC2F7FFA2B2D}.Release|ARM64.ActiveCfg = Release|Any CPU
		{C0B44D6E-5E6D-4E55-A709-BC2F7FFA2B2D}.Release|ARM64.Build.0 = Release|Any CPU
		{C0B44D6E-5E6D-4E55-A709-BC2F7FFA2B2D}.Release|x64.ActiveCfg = Release|Any CPU
		{C0B44D6E-5E6D-4E55-A709-BC2F7FFA2B2D}.Release|x64.Build.0 = Release|Any CPU
		{C0B44D6E-5E6D-4E55-A709-BC2F7FFA2B2D}.Release|x86.ActiveCfg = Release|Any CPU
		{C0B44D6E-5E6D-4E55-A709-BC2F7FFA2B2D}.Release|x86.Build.0 = Release|Any CPU
		{098D3FEF-959D-4B83-9E5D-DAFC725CA285}.Debug|Any CPU.ActiveCfg = Debug|Any CPU
		{098D3FEF-959D-4B83-9E5D-DAFC725CA285}.Debug|Any CPU.Build.0 = Debug|Any CPU
		{098D3FEF-959D-4B83-9E5D-DAFC725CA285}.Debug|ARM.ActiveCfg = Debug|Any CPU
		{098D3FEF-959D-4B83-9E5D-DAFC725CA285}.Debug|ARM.Build.0 = Debug|Any CPU
		{098D3FEF-959D-4B83-9E5D-DAFC725CA285}.Debug|ARM64.ActiveCfg = Debug|Any CPU
		{098D3FEF-959D-4B83-9E5D-DAFC725CA285}.Debug|ARM64.Build.0 = Debug|Any CPU
		{098D3FEF-959D-4B83-9E5D-DAFC725CA285}.Debug|x64.ActiveCfg = Debug|Any CPU
		{098D3FEF-959D-4B83-9E5D-DAFC725CA285}.Debug|x64.Build.0 = Debug|Any CPU
		{098D3FEF-959D-4B83-9E5D-DAFC725CA285}.Debug|x86.ActiveCfg = Debug|Any CPU
		{098D3FEF-959D-4B83-9E5D-DAFC725CA285}.Debug|x86.Build.0 = Debug|Any CPU
		{098D3FEF-959D-4B83-9E5D-DAFC725CA285}.Release|Any CPU.ActiveCfg = Release|Any CPU
		{098D3FEF-959D-4B83-9E5D-DAFC725CA285}.Release|Any CPU.Build.0 = Release|Any CPU
		{098D3FEF-959D-4B83-9E5D-DAFC725CA285}.Release|ARM.ActiveCfg = Release|Any CPU
		{098D3FEF-959D-4B83-9E5D-DAFC725CA285}.Release|ARM.Build.0 = Release|Any CPU
		{098D3FEF-959D-4B83-9E5D-DAFC725CA285}.Release|ARM64.ActiveCfg = Release|Any CPU
		{098D3FEF-959D-4B83-9E5D-DAFC725CA285}.Release|ARM64.Build.0 = Release|Any CPU
		{098D3FEF-959D-4B83-9E5D-DAFC725CA285}.Release|x64.ActiveCfg = Release|Any CPU
		{098D3FEF-959D-4B83-9E5D-DAFC725CA285}.Release|x64.Build.0 = Release|Any CPU
		{098D3FEF-959D-4B83-9E5D-DAFC725CA285}.Release|x86.ActiveCfg = Release|Any CPU
		{098D3FEF-959D-4B83-9E5D-DAFC725CA285}.Release|x86.Build.0 = Release|Any CPU
		{8D85951C-3E94-459B-B015-BDA326A60C8C}.Debug|Any CPU.ActiveCfg = Debug|Any CPU
		{8D85951C-3E94-459B-B015-BDA326A60C8C}.Debug|Any CPU.Build.0 = Debug|Any CPU
		{8D85951C-3E94-459B-B015-BDA326A60C8C}.Debug|ARM.ActiveCfg = Debug|Any CPU
		{8D85951C-3E94-459B-B015-BDA326A60C8C}.Debug|ARM.Build.0 = Debug|Any CPU
		{8D85951C-3E94-459B-B015-BDA326A60C8C}.Debug|ARM64.ActiveCfg = Debug|Any CPU
		{8D85951C-3E94-459B-B015-BDA326A60C8C}.Debug|ARM64.Build.0 = Debug|Any CPU
		{8D85951C-3E94-459B-B015-BDA326A60C8C}.Debug|x64.ActiveCfg = Debug|Any CPU
		{8D85951C-3E94-459B-B015-BDA326A60C8C}.Debug|x64.Build.0 = Debug|Any CPU
		{8D85951C-3E94-459B-B015-BDA326A60C8C}.Debug|x86.ActiveCfg = Debug|Any CPU
		{8D85951C-3E94-459B-B015-BDA326A60C8C}.Debug|x86.Build.0 = Debug|Any CPU
		{8D85951C-3E94-459B-B015-BDA326A60C8C}.Release|Any CPU.ActiveCfg = Release|Any CPU
		{8D85951C-3E94-459B-B015-BDA326A60C8C}.Release|Any CPU.Build.0 = Release|Any CPU
		{8D85951C-3E94-459B-B015-BDA326A60C8C}.Release|ARM.ActiveCfg = Release|Any CPU
		{8D85951C-3E94-459B-B015-BDA326A60C8C}.Release|ARM.Build.0 = Release|Any CPU
		{8D85951C-3E94-459B-B015-BDA326A60C8C}.Release|ARM64.ActiveCfg = Release|Any CPU
		{8D85951C-3E94-459B-B015-BDA326A60C8C}.Release|ARM64.Build.0 = Release|Any CPU
		{8D85951C-3E94-459B-B015-BDA326A60C8C}.Release|x64.ActiveCfg = Release|Any CPU
		{8D85951C-3E94-459B-B015-BDA326A60C8C}.Release|x64.Build.0 = Release|Any CPU
		{8D85951C-3E94-459B-B015-BDA326A60C8C}.Release|x86.ActiveCfg = Release|Any CPU
		{8D85951C-3E94-459B-B015-BDA326A60C8C}.Release|x86.Build.0 = Release|Any CPU
		{237BCB4F-0F93-473E-B928-6B9781CDB960}.Debug|Any CPU.ActiveCfg = Debug|Any CPU
		{237BCB4F-0F93-473E-B928-6B9781CDB960}.Debug|Any CPU.Build.0 = Debug|Any CPU
		{237BCB4F-0F93-473E-B928-6B9781CDB960}.Debug|ARM.ActiveCfg = Debug|Any CPU
		{237BCB4F-0F93-473E-B928-6B9781CDB960}.Debug|ARM.Build.0 = Debug|Any CPU
		{237BCB4F-0F93-473E-B928-6B9781CDB960}.Debug|ARM64.ActiveCfg = Debug|Any CPU
		{237BCB4F-0F93-473E-B928-6B9781CDB960}.Debug|ARM64.Build.0 = Debug|Any CPU
		{237BCB4F-0F93-473E-B928-6B9781CDB960}.Debug|x64.ActiveCfg = Debug|Any CPU
		{237BCB4F-0F93-473E-B928-6B9781CDB960}.Debug|x64.Build.0 = Debug|Any CPU
		{237BCB4F-0F93-473E-B928-6B9781CDB960}.Debug|x86.ActiveCfg = Debug|Any CPU
		{237BCB4F-0F93-473E-B928-6B9781CDB960}.Debug|x86.Build.0 = Debug|Any CPU
		{237BCB4F-0F93-473E-B928-6B9781CDB960}.Release|Any CPU.ActiveCfg = Release|Any CPU
		{237BCB4F-0F93-473E-B928-6B9781CDB960}.Release|Any CPU.Build.0 = Release|Any CPU
		{237BCB4F-0F93-473E-B928-6B9781CDB960}.Release|ARM.ActiveCfg = Release|Any CPU
		{237BCB4F-0F93-473E-B928-6B9781CDB960}.Release|ARM.Build.0 = Release|Any CPU
		{237BCB4F-0F93-473E-B928-6B9781CDB960}.Release|ARM64.ActiveCfg = Release|Any CPU
		{237BCB4F-0F93-473E-B928-6B9781CDB960}.Release|ARM64.Build.0 = Release|Any CPU
		{237BCB4F-0F93-473E-B928-6B9781CDB960}.Release|x64.ActiveCfg = Release|Any CPU
		{237BCB4F-0F93-473E-B928-6B9781CDB960}.Release|x64.Build.0 = Release|Any CPU
		{237BCB4F-0F93-473E-B928-6B9781CDB960}.Release|x86.ActiveCfg = Release|Any CPU
		{237BCB4F-0F93-473E-B928-6B9781CDB960}.Release|x86.Build.0 = Release|Any CPU
	EndGlobalSection
	GlobalSection(SolutionProperties) = preSolution
		HideSolutionNode = FALSE
	EndGlobalSection
	GlobalSection(ExtensibilityGlobals) = postSolution
		SolutionGuid = {75166C66-A60F-4A22-B9A6-C9E7831B16CC}
	EndGlobalSection
EndGlobal
